
Microsoft Visual Studio Solution File, Format Version 12.00
# Visual Studio Version 16
VisualStudioVersion = 25.0.1703.6
MinimumVisualStudioVersion = 10.0.40219.1
Project("{FAE04EC0-301F-11D3-BF4B-00C04F79EFBC}") = "Program1", "Program1\Program1.csproj", "{71AE1F78-DA69-41EA-AC9A-D0EF28CB2B6D}"
EndProject
Project("{FAE04EC0-301F-11D3-BF4B-00C04F79EFBC}") = "Program2", "Program2\Program2.csproj", "{FF55C0B0-51F3-4D0B-8EC0-534FF87D6AE0}"
EndProject
Global
	GlobalSection(SolutionConfigurationPlatforms) = preSolution
		Debug|Any CPU = Debug|Any CPU
		Release|Any CPU = Release|Any CPU
	EndGlobalSection
	GlobalSection(ProjectConfigurationPlatforms) = postSolution
		{71AE1F78-DA69-41EA-AC9A-D0EF28CB2B6D}.Debug|Any CPU.ActiveCfg = Debug|Any CPU
		{71AE1F78-DA69-41EA-AC9A-D0EF28CB2B6D}.Debug|Any CPU.Build.0 = Debug|Any CPU
		{71AE1F78-DA69-41EA-AC9A-D0EF28CB2B6D}.Release|Any CPU.ActiveCfg = Release|Any CPU
		{71AE1F78-DA69-41EA-AC9A-D0EF28CB2B6D}.Release|Any CPU.Build.0 = Release|Any CPU
		{FF55C0B0-51F3-4D0B-8EC0-534FF87D6AE0}.Debug|Any CPU.ActiveCfg = Debug|Any CPU
		{FF55C0B0-51F3-4D0B-8EC0-534FF87D6AE0}.Debug|Any CPU.Build.0 = Debug|Any CPU
		{FF55C0B0-51F3-4D0B-8EC0-534FF87D6AE0}.Release|Any CPU.ActiveCfg = Release|Any CPU
		{FF55C0B0-51F3-4D0B-8EC0-534FF87D6AE0}.Release|Any CPU.Build.0 = Release|Any CPU
	EndGlobalSection
	GlobalSection(SolutionProperties) = preSolution
		HideSolutionNode = FALSE
	EndGlobalSection
	GlobalSection(ExtensibilityGlobals) = postSolution
		SolutionGuid = {14F0A82B-6BF2-4828-9D3D-35C4ED51CB42}
	EndGlobalSection
EndGlobal
